
Microsoft Visual Studio Solution File, Format Version 12.00
# Visual Studio 15
VisualStudioVersion = 15.0.27130.2027
MinimumVisualStudioVersion = 10.0.40219.1
Project("{FAE04EC0-301F-11D3-BF4B-00C04F79EFBC}") = "MeuPrimeiroBot", "MeuPrimeiroBot\MeuPrimeiroBot.csproj", "{AABF2E73-19B7-4750-94F7-FA5D9D1F64A1}"
EndProject
Project("{9A19103F-16F7-4668-BE54-9A1E7A4F7556}") = "MaratonaBotsApi", "..\MaratonaBotsApi\MaratonaBotsApi\MaratonaBotsApi.csproj", "{19A38493-2B90-472E-91C9-75D53F3A6F81}"
EndProject
Global
	GlobalSection(SolutionConfigurationPlatforms) = preSolution
		Debug|Any CPU = Debug|Any CPU
		Release|Any CPU = Release|Any CPU
	EndGlobalSection
	GlobalSection(ProjectConfigurationPlatforms) = postSolution
		{AABF2E73-19B7-4750-94F7-FA5D9D1F64A1}.Debug|Any CPU.ActiveCfg = Debug|Any CPU
		{AABF2E73-19B7-4750-94F7-FA5D9D1F64A1}.Debug|Any CPU.Build.0 = Debug|Any CPU
		{AABF2E73-19B7-4750-94F7-FA5D9D1F64A1}.Release|Any CPU.ActiveCfg = Release|Any CPU
		{AABF2E73-19B7-4750-94F7-FA5D9D1F64A1}.Release|Any CPU.Build.0 = Release|Any CPU
		{19A38493-2B90-472E-91C9-75D53F3A6F81}.Debug|Any CPU.ActiveCfg = Debug|Any CPU
		{19A38493-2B90-472E-91C9-75D53F3A6F81}.Debug|Any CPU.Build.0 = Debug|Any CPU
		{19A38493-2B90-472E-91C9-75D53F3A6F81}.Release|Any CPU.ActiveCfg = Release|Any CPU
		{19A38493-2B90-472E-91C9-75D53F3A6F81}.Release|Any CPU.Build.0 = Release|Any CPU
	EndGlobalSection
	GlobalSection(SolutionProperties) = preSolution
		HideSolutionNode = FALSE
	EndGlobalSection
	GlobalSection(ExtensibilityGlobals) = postSolution
		SolutionGuid = {CF40640B-04F6-4E62-8DF1-42E038E38683}
	EndGlobalSection
EndGlobal
