
Microsoft Visual Studio Solution File, Format Version 12.00
# Visual Studio 15
VisualStudioVersion = 15.0.27130.2036
MinimumVisualStudioVersion = 10.0.40219.1
Project("{FAE04EC0-301F-11D3-BF4B-00C04F79EFBC}") = "ManicureApi", "ManicureApi\ManicureApi.csproj", "{53095371-0F5D-49D1-9C2C-C1C384321AC2}"
EndProject
Global
	GlobalSection(SolutionConfigurationPlatforms) = preSolution
		Debug|Any CPU = Debug|Any CPU
		Release|Any CPU = Release|Any CPU
	EndGlobalSection
	GlobalSection(ProjectConfigurationPlatforms) = postSolution
		{53095371-0F5D-49D1-9C2C-C1C384321AC2}.Debug|Any CPU.ActiveCfg = Debug|Any CPU
		{53095371-0F5D-49D1-9C2C-C1C384321AC2}.Debug|Any CPU.Build.0 = Debug|Any CPU
		{53095371-0F5D-49D1-9C2C-C1C384321AC2}.Release|Any CPU.ActiveCfg = Release|Any CPU
		{53095371-0F5D-49D1-9C2C-C1C384321AC2}.Release|Any CPU.Build.0 = Release|Any CPU
	EndGlobalSection
	GlobalSection(SolutionProperties) = preSolution
		HideSolutionNode = FALSE
	EndGlobalSection
	GlobalSection(ExtensibilityGlobals) = postSolution
		SolutionGuid = {6415155B-F096-46F1-8BF4-41DAA532873F}
	EndGlobalSection
EndGlobal
