
Microsoft Visual Studio Solution File, Format Version 12.00
# Visual Studio 15
VisualStudioVersion = 15.0.27130.2036
MinimumVisualStudioVersion = 10.0.40219.1
Project("{FAE04EC0-301F-11D3-BF4B-00C04F79EFBC}") = "ManicureBot", "ManicureBot\ManicureBot.csproj", "{6C95A72C-9797-44A1-9D3C-87823698DA4F}"
EndProject
Global
	GlobalSection(SolutionConfigurationPlatforms) = preSolution
		Debug|Any CPU = Debug|Any CPU
		Release|Any CPU = Release|Any CPU
	EndGlobalSection
	GlobalSection(ProjectConfigurationPlatforms) = postSolution
		{6C95A72C-9797-44A1-9D3C-87823698DA4F}.Debug|Any CPU.ActiveCfg = Debug|Any CPU
		{6C95A72C-9797-44A1-9D3C-87823698DA4F}.Debug|Any CPU.Build.0 = Debug|Any CPU
		{6C95A72C-9797-44A1-9D3C-87823698DA4F}.Release|Any CPU.ActiveCfg = Release|Any CPU
		{6C95A72C-9797-44A1-9D3C-87823698DA4F}.Release|Any CPU.Build.0 = Release|Any CPU
	EndGlobalSection
	GlobalSection(SolutionProperties) = preSolution
		HideSolutionNode = FALSE
	EndGlobalSection
	GlobalSection(ExtensibilityGlobals) = postSolution
		SolutionGuid = {79079774-4B39-4E57-8005-D40D5C477638}
	EndGlobalSection
EndGlobal
